Microsoft Visual Studio Solution File, Format Version 12.00
# Visual Studio Version 17
VisualStudioVersion = 17.5.2.0
MinimumVisualStudioVersion = 10.0.40219.1
Project("{2150E333-8FDC-42A3-9474-1A3956D46DE8}") = "src", "src", "{827E0CD3-B72D-47B6-A68D-7590B98EB39B}"
EndProject
Project("{2150E333-8FDC-42A3-9474-1A3956D46DE8}") = "tests", "tests", "{0AB3BF05-4346-4AA6-1389-037BE0695223}"
EndProject
Project("{FAE04EC0-301F-11D3-BF4B-00C04F79EFBC}") = "ApiHost", "src\ApiHost\ApiHost.csproj", "{996B205E-660F-289C-010A-8F2558363DF7}"
EndProject
Project("{FAE04EC0-301F-11D3-BF4B-00C04F79EFBC}") = "Aspire.AppHost", "src\Aspire.AppHost\Aspire.AppHost.csproj", "{1CC7DB08-4EA9-6726-9263-16451F51525A}"
EndProject
Project("{FAE04EC0-301F-11D3-BF4B-00C04F79EFBC}") = "Aspire.ServiceDefaults", "src\Aspire.ServiceDefaults\Aspire.ServiceDefaults.csproj", "{BB3AB942-9074-DF6F-3176-52987AFD7B40}"
EndProject
Project("{FAE04EC0-301F-11D3-BF4B-00C04F79EFBC}") = "Tests", "tests\Tests\Tests.csproj", "{1F72D08E-2FDA-2438-6717-AB11F2FE8404}"
EndProject
Global
	GlobalSection(SolutionConfigurationPlatforms) = preSolution
		Debug|Any CPU = Debug|Any CPU
		Release|Any CPU = Release|Any CPU
	EndGlobalSection
	GlobalSection(ProjectConfigurationPlatforms) = postSolution
		{996B205E-660F-289C-010A-8F2558363DF7}.Debug|Any CPU.ActiveCfg = Debug|Any CPU
		{996B205E-660F-289C-010A-8F2558363DF7}.Debug|Any CPU.Build.0 = Debug|Any CPU
		{996B205E-660F-289C-010A-8F2558363DF7}.Release|Any CPU.ActiveCfg = Release|Any CPU
		{996B205E-660F-289C-010A-8F2558363DF7}.Release|Any CPU.Build.0 = Release|Any CPU
		{1CC7DB08-4EA9-6726-9263-16451F51525A}.Debug|Any CPU.ActiveCfg = Debug|Any CPU
		{1CC7DB08-4EA9-6726-9263-16451F51525A}.Debug|Any CPU.Build.0 = Debug|Any CPU
		{1CC7DB08-4EA9-6726-9263-16451F51525A}.Release|Any CPU.ActiveCfg = Release|Any CPU
		{1CC7DB08-4EA9-6726-9263-16451F51525A}.Release|Any CPU.Build.0 = Release|Any CPU
		{BB3AB942-9074-DF6F-3176-52987AFD7B40}.Debug|Any CPU.ActiveCfg = Debug|Any CPU
		{BB3AB942-9074-DF6F-3176-52987AFD7B40}.Debug|Any CPU.Build.0 = Debug|Any CPU
		{BB3AB942-9074-DF6F-3176-52987AFD7B40}.Release|Any CPU.ActiveCfg = Release|Any CPU
		{BB3AB942-9074-DF6F-3176-52987AFD7B40}.Release|Any CPU.Build.0 = Release|Any CPU
		{1F72D08E-2FDA-2438-6717-AB11F2FE8404}.Debug|Any CPU.ActiveCfg = Debug|Any CPU
		{1F72D08E-2FDA-2438-6717-AB11F2FE8404}.Debug|Any CPU.Build.0 = Debug|Any CPU
		{1F72D08E-2FDA-2438-6717-AB11F2FE8404}.Release|Any CPU.ActiveCfg = Release|Any CPU
		{1F72D08E-2FDA-2438-6717-AB11F2FE8404}.Release|Any CPU.Build.0 = Release|Any CPU
	EndGlobalSection
	GlobalSection(SolutionProperties) = preSolution
		HideSolutionNode = FALSE
	EndGlobalSection
	GlobalSection(NestedProjects) = preSolution
		{996B205E-660F-289C-010A-8F2558363DF7} = {827E0CD3-B72D-47B6-A68D-7590B98EB39B}
		{1CC7DB08-4EA9-6726-9263-16451F51525A} = {827E0CD3-B72D-47B6-A68D-7590B98EB39B}
		{BB3AB942-9074-DF6F-3176-52987AFD7B40} = {827E0CD3-B72D-47B6-A68D-7590B98EB39B}
		{1F72D08E-2FDA-2438-6717-AB11F2FE8404} = {0AB3BF05-4346-4AA6-1389-037BE0695223}
	EndGlobalSection
	GlobalSection(ExtensibilityGlobals) = postSolution
		SolutionGuid = {376718B1-4533-4CD4-99F9-FD82ABA63AC6}
	EndGlobalSection
EndGlobal
